// !$*UTF8*$!
{
	archiveVersion = 1;
	classes = {
	};
	objectVersion = 56;
	objects = {

/* Begin PBXBuildFile section */
		814FEC812C405FA60071A4BF /* FilterCoreDataManager.swift in Sources */ = {isa = PBXBuildFile; fileRef = 814FEC802C405FA60071A4BF /* FilterCoreDataManager.swift */; };
		814FEC842C4060E00071A4BF /* RoverVisionContainer.xcdatamodeld in Sources */ = {isa = PBXBuildFile; fileRef = 814FEC822C4060E00071A4BF /* RoverVisionContainer.xcdatamodeld */; };
		81744CEA2C3E9BF800128384 /* RoverVisionApp.swift in Sources */ = {isa = PBXBuildFile; fileRef = 81744CE92C3E9BF800128384 /* RoverVisionApp.swift */; };
		81744CEE2C3E9BF900128384 /* Assets.xcassets in Resources */ = {isa = PBXBuildFile; fileRef = 81744CED2C3E9BF900128384 /* Assets.xcassets */; };
		81744CF12C3E9BF900128384 /* Preview Assets.xcassets in Resources */ = {isa = PBXBuildFile; fileRef = 81744CF02C3E9BF900128384 /* Preview Assets.xcassets */; };
		81744D072C3EAA2B00128384 /* Photo.swift in Sources */ = {isa = PBXBuildFile; fileRef = 81744D062C3EAA2B00128384 /* Photo.swift */; };
		81744D0A2C3EABA600128384 /* NASAManager.swift in Sources */ = {isa = PBXBuildFile; fileRef = 81744D092C3EABA600128384 /* NASAManager.swift */; };
		81744D0D2C3EAE7100128384 /* Filter.swift in Sources */ = {isa = PBXBuildFile; fileRef = 81744D0C2C3EAE7100128384 /* Filter.swift */; };
		81744D0F2C3EAECC00128384 /* RoverName.swift in Sources */ = {isa = PBXBuildFile; fileRef = 81744D0E2C3EAECC00128384 /* RoverName.swift */; };
		81744D112C3EAED400128384 /* CameraName.swift in Sources */ = {isa = PBXBuildFile; fileRef = 81744D102C3EAED400128384 /* CameraName.swift */; };
		81744D132C3EBEF500128384 /* HomeViewModel.swift in Sources */ = {isa = PBXBuildFile; fileRef = 81744D122C3EBEF500128384 /* HomeViewModel.swift */; };
		81744D152C3EBF0800128384 /* HistoryViewModel.swift in Sources */ = {isa = PBXBuildFile; fileRef = 81744D142C3EBF0700128384 /* HistoryViewModel.swift */; };
		81744D172C3EC0E300128384 /* HomeView.swift in Sources */ = {isa = PBXBuildFile; fileRef = 81744D162C3EC0E300128384 /* HomeView.swift */; };
		81744D192C3ECE4000128384 /* PhotoCardView.swift in Sources */ = {isa = PBXBuildFile; fileRef = 81744D182C3ECE4000128384 /* PhotoCardView.swift */; };
		81744D1B2C3ECE4900128384 /* FilterCardView.swift in Sources */ = {isa = PBXBuildFile; fileRef = 81744D1A2C3ECE4900128384 /* FilterCardView.swift */; };
		81744D242C3ED34B00128384 /* ImageInfoView.swift in Sources */ = {isa = PBXBuildFile; fileRef = 81744D232C3ED34B00128384 /* ImageInfoView.swift */; };
		8189BEBA2C4115DA006955CB /* RoverSelectorView.swift in Sources */ = {isa = PBXBuildFile; fileRef = 8189BEB92C4115DA006955CB /* RoverSelectorView.swift */; };
		8189BEBC2C411AAE006955CB /* CameraSelectorView.swift in Sources */ = {isa = PBXBuildFile; fileRef = 8189BEBB2C411AAE006955CB /* CameraSelectorView.swift */; };
		8189BEBE2C412513006955CB /* DateSelectorView.swift in Sources */ = {isa = PBXBuildFile; fileRef = 8189BEBD2C412513006955CB /* DateSelectorView.swift */; };
		81BCB2242C3FBA9A0053A071 /* FilterButtonView.swift in Sources */ = {isa = PBXBuildFile; fileRef = 81BCB2232C3FBA9A0053A071 /* FilterButtonView.swift */; };
		81BCB2262C3FBEB70053A071 /* HistoryButtonView.swift in Sources */ = {isa = PBXBuildFile; fileRef = 81BCB2252C3FBEB70053A071 /* HistoryButtonView.swift */; };
		81BCB2292C3FC0110053A071 /* RVNavigationBarModifier.swift in Sources */ = {isa = PBXBuildFile; fileRef = 81BCB2282C3FC0110053A071 /* RVNavigationBarModifier.swift */; };
		81BCB22B2C3FC5010053A071 /* HistoryView.swift in Sources */ = {isa = PBXBuildFile; fileRef = 81BCB22A2C3FC5010053A071 /* HistoryView.swift */; };
		81BCB22D2C3FC8260053A071 /* LottieView.swift in Sources */ = {isa = PBXBuildFile; fileRef = 81BCB22C2C3FC8260053A071 /* LottieView.swift */; };
		81BCB2302C3FC90C0053A071 /* Lottie in Frameworks */ = {isa = PBXBuildFile; productRef = 81BCB22F2C3FC90C0053A071 /* Lottie */; };
		81BCB2322C3FCBE90053A071 /* LoadingView.swift in Sources */ = {isa = PBXBuildFile; fileRef = 81BCB2312C3FCBE90053A071 /* LoadingView.swift */; };
		81BCB2342C3FCC890053A071 /* Loader_Test.json in Resources */ = {isa = PBXBuildFile; fileRef = 81BCB2332C3FCC890053A071 /* Loader_Test.json */; };
		81BCB2392C3FFC230053A071 /* PhotoCardViewModel.swift in Sources */ = {isa = PBXBuildFile; fileRef = 81BCB2382C3FFC230053A071 /* PhotoCardViewModel.swift */; };
		81BCB23B2C4008AB0053A071 /* PhotoDetailView.swift in Sources */ = {isa = PBXBuildFile; fileRef = 81BCB23A2C4008AB0053A071 /* PhotoDetailView.swift */; };
/* End PBXBuildFile section */

/* Begin PBXFileReference section */
		814FEC802C405FA60071A4BF /* FilterCoreDataManager.swift */ = {isa = PBXFileReference; lastKnownFileType = sourcecode.swift; path = FilterCoreDataManager.swift; sourceTree = "<group>"; };
		814FEC832C4060E00071A4BF /* RoverVisionContainer.xcdatamodel */ = {isa = PBXFileReference; lastKnownFileType = wrapper.xcdatamodel; path = RoverVisionContainer.xcdatamodel; sourceTree = "<group>"; };
		81744CE62C3E9BF800128384 /* RoverVision.app */ = {isa = PBXFileReference; explicitFileType = wrapper.application; includeInIndex = 0; path = RoverVision.app; sourceTree = BUILT_PRODUCTS_DIR; };
		81744CE92C3E9BF800128384 /* RoverVisionApp.swift */ = {isa = PBXFileReference; lastKnownFileType = sourcecode.swift; path = RoverVisionApp.swift; sourceTree = "<group>"; };
		81744CED2C3E9BF900128384 /* Assets.xcassets */ = {isa = PBXFileReference; lastKnownFileType = folder.assetcatalog; path = Assets.xcassets; sourceTree = "<group>"; };
		81744CF02C3E9BF900128384 /* Preview Assets.xcassets */ = {isa = PBXFileReference; lastKnownFileType = folder.assetcatalog; path = "Preview Assets.xcassets"; sourceTree = "<group>"; };
		81744D062C3EAA2B00128384 /* Photo.swift */ = {isa = PBXFileReference; lastKnownFileType = sourcecode.swift; path = Photo.swift; sourceTree = "<group>"; };
		81744D092C3EABA600128384 /* NASAManager.swift */ = {isa = PBXFileReference; lastKnownFileType = sourcecode.swift; path = NASAManager.swift; sourceTree = "<group>"; };
		81744D0C2C3EAE7100128384 /* Filter.swift */ = {isa = PBXFileReference; lastKnownFileType = sourcecode.swift; path = Filter.swift; sourceTree = "<group>"; };
		81744D0E2C3EAECC00128384 /* RoverName.swift */ = {isa = PBXFileReference; lastKnownFileType = sourcecode.swift; path = RoverName.swift; sourceTree = "<group>"; };
		81744D102C3EAED400128384 /* CameraName.swift */ = {isa = PBXFileReference; lastKnownFileType = sourcecode.swift; path = CameraName.swift; sourceTree = "<group>"; };
		81744D122C3EBEF500128384 /* HomeViewModel.swift */ = {isa = PBXFileReference; lastKnownFileType = sourcecode.swift; path = HomeViewModel.swift; sourceTree = "<group>"; };
		81744D142C3EBF0700128384 /* HistoryViewModel.swift */ = {isa = PBXFileReference; lastKnownFileType = sourcecode.swift; path = HistoryViewModel.swift; sourceTree = "<group>"; };
		81744D162C3EC0E300128384 /* HomeView.swift */ = {isa = PBXFileReference; lastKnownFileType = sourcecode.swift; path = HomeView.swift; sourceTree = "<group>"; };
		81744D182C3ECE4000128384 /* PhotoCardView.swift */ = {isa = PBXFileReference; lastKnownFileType = sourcecode.swift; path = PhotoCardView.swift; sourceTree = "<group>"; };
		81744D1A2C3ECE4900128384 /* FilterCardView.swift */ = {isa = PBXFileReference; lastKnownFileType = sourcecode.swift; path = FilterCardView.swift; sourceTree = "<group>"; };
		81744D232C3ED34B00128384 /* ImageInfoView.swift */ = {isa = PBXFileReference; lastKnownFileType = sourcecode.swift; path = ImageInfoView.swift; sourceTree = "<group>"; };
		8189BEB92C4115DA006955CB /* RoverSelectorView.swift */ = {isa = PBXFileReference; lastKnownFileType = sourcecode.swift; path = RoverSelectorView.swift; sourceTree = "<group>"; };
		8189BEBB2C411AAE006955CB /* CameraSelectorView.swift */ = {isa = PBXFileReference; lastKnownFileType = sourcecode.swift; path = CameraSelectorView.swift; sourceTree = "<group>"; };
		8189BEBD2C412513006955CB /* DateSelectorView.swift */ = {isa = PBXFileReference; lastKnownFileType = sourcecode.swift; path = DateSelectorView.swift; sourceTree = "<group>"; };
		81BCB2232C3FBA9A0053A071 /* FilterButtonView.swift */ = {isa = PBXFileReference; lastKnownFileType = sourcecode.swift; path = FilterButtonView.swift; sourceTree = "<group>"; };
		81BCB2252C3FBEB70053A071 /* HistoryButtonView.swift */ = {isa = PBXFileReference; lastKnownFileType = sourcecode.swift; path = HistoryButtonView.swift; sourceTree = "<group>"; };
		81BCB2282C3FC0110053A071 /* RVNavigationBarModifier.swift */ = {isa = PBXFileReference; lastKnownFileType = sourcecode.swift; path = RVNavigationBarModifier.swift; sourceTree = "<group>"; };
		81BCB22A2C3FC5010053A071 /* HistoryView.swift */ = {isa = PBXFileReference; lastKnownFileType = sourcecode.swift; path = HistoryView.swift; sourceTree = "<group>"; };
		81BCB22C2C3FC8260053A071 /* LottieView.swift */ = {isa = PBXFileReference; lastKnownFileType = sourcecode.swift; path = LottieView.swift; sourceTree = "<group>"; };
		81BCB2312C3FCBE90053A071 /* LoadingView.swift */ = {isa = PBXFileReference; lastKnownFileType = sourcecode.swift; path = LoadingView.swift; sourceTree = "<group>"; };
		81BCB2332C3FCC890053A071 /* Loader_Test.json */ = {isa = PBXFileReference; fileEncoding = 4; lastKnownFileType = text.json; path = Loader_Test.json; sourceTree = "<group>"; };
		81BCB2352C3FE7D20053A071 /* Info.plist */ = {isa = PBXFileReference; lastKnownFileType = text.plist; path = Info.plist; sourceTree = "<group>"; };
		81BCB2382C3FFC230053A071 /* PhotoCardViewModel.swift */ = {isa = PBXFileReference; lastKnownFileType = sourcecode.swift; path = PhotoCardViewModel.swift; sourceTree = "<group>"; };
		81BCB23A2C4008AB0053A071 /* PhotoDetailView.swift */ = {isa = PBXFileReference; lastKnownFileType = sourcecode.swift; path = PhotoDetailView.swift; sourceTree = "<group>"; };
/* End PBXFileReference section */

/* Begin PBXFrameworksBuildPhase section */
		81744CE32C3E9BF800128384 /* Frameworks */ = {
			isa = PBXFrameworksBuildPhase;
			buildActionMask = 2147483647;
			files = (
				81BCB2302C3FC90C0053A071 /* Lottie in Frameworks */,
			);
			runOnlyForDeploymentPostprocessing = 0;
		};
/* End PBXFrameworksBuildPhase section */

/* Begin PBXGroup section */
		81744CDD2C3E9BF800128384 = {
			isa = PBXGroup;
			children = (
				81744CE82C3E9BF800128384 /* RoverVision */,
				81744CE72C3E9BF800128384 /* Products */,
			);
			sourceTree = "<group>";
		};
		81744CE72C3E9BF800128384 /* Products */ = {
			isa = PBXGroup;
			children = (
				81744CE62C3E9BF800128384 /* RoverVision.app */,
			);
			name = Products;
			sourceTree = "<group>";
		};
		81744CE82C3E9BF800128384 /* RoverVision */ = {
			isa = PBXGroup;
			children = (
				81BCB2352C3FE7D20053A071 /* Info.plist */,
				81744CE92C3E9BF800128384 /* RoverVisionApp.swift */,
				81744CFA2C3E9CD600128384 /* Views */,
				81744CF92C3E9CCF00128384 /* ViewModels */,
				81744CFB2C3E9CFA00128384 /* Enums */,
				81744D082C3EAB4A00128384 /* Managers */,
				81744CF82C3E9CBF00128384 /* Models */,
				81744CF72C3E9C1800128384 /* Supporting */,
				814FEC822C4060E00071A4BF /* RoverVisionContainer.xcdatamodeld */,
			);
			path = RoverVision;
			sourceTree = "<group>";
		};
		81744CEF2C3E9BF900128384 /* Preview Content */ = {
			isa = PBXGroup;
			children = (
				81744CF02C3E9BF900128384 /* Preview Assets.xcassets */,
			);
			path = "Preview Content";
			sourceTree = "<group>";
		};
		81744CF72C3E9C1800128384 /* Supporting */ = {
			isa = PBXGroup;
			children = (
				81BCB2332C3FCC890053A071 /* Loader_Test.json */,
				81744CEF2C3E9BF900128384 /* Preview Content */,
				81744CED2C3E9BF900128384 /* Assets.xcassets */,
			);
			path = Supporting;
			sourceTree = "<group>";
		};
		81744CF82C3E9CBF00128384 /* Models */ = {
			isa = PBXGroup;
			children = (
				81744D0C2C3EAE7100128384 /* Filter.swift */,
				81744D062C3EAA2B00128384 /* Photo.swift */,
			);
			path = Models;
			sourceTree = "<group>";
		};
		81744CF92C3E9CCF00128384 /* ViewModels */ = {
			isa = PBXGroup;
			children = (
				81744D122C3EBEF500128384 /* HomeViewModel.swift */,
				81744D142C3EBF0700128384 /* HistoryViewModel.swift */,
				81BCB2382C3FFC230053A071 /* PhotoCardViewModel.swift */,
			);
			path = ViewModels;
			sourceTree = "<group>";
		};
		81744CFA2C3E9CD600128384 /* Views */ = {
			isa = PBXGroup;
			children = (
				81BCB2312C3FCBE90053A071 /* LoadingView.swift */,
				81744D162C3EC0E300128384 /* HomeView.swift */,
				81BCB22A2C3FC5010053A071 /* HistoryView.swift */,
				81BCB23A2C4008AB0053A071 /* PhotoDetailView.swift */,
				81BCB2222C3FBA870053A071 /* Custom */,
				81BCB2272C3FBFEB0053A071 /* Modifiers */,
			);
			path = Views;
			sourceTree = "<group>";
		};
		81744CFB2C3E9CFA00128384 /* Enums */ = {
			isa = PBXGroup;
			children = (
				81744D0E2C3EAECC00128384 /* RoverName.swift */,
				81744D102C3EAED400128384 /* CameraName.swift */,
			);
			path = Enums;
			sourceTree = "<group>";
		};
		81744D082C3EAB4A00128384 /* Managers */ = {
			isa = PBXGroup;
			children = (
				81744D092C3EABA600128384 /* NASAManager.swift */,
				814FEC802C405FA60071A4BF /* FilterCoreDataManager.swift */,
			);
			path = Managers;
			sourceTree = "<group>";
		};
		81BCB2222C3FBA870053A071 /* Custom */ = {
			isa = PBXGroup;
			children = (
				81BCB22C2C3FC8260053A071 /* LottieView.swift */,
				81BCB2232C3FBA9A0053A071 /* FilterButtonView.swift */,
				81744D182C3ECE4000128384 /* PhotoCardView.swift */,
				81744D1A2C3ECE4900128384 /* FilterCardView.swift */,
				81744D232C3ED34B00128384 /* ImageInfoView.swift */,
				81BCB2252C3FBEB70053A071 /* HistoryButtonView.swift */,
				8189BEB92C4115DA006955CB /* RoverSelectorView.swift */,
				8189BEBB2C411AAE006955CB /* CameraSelectorView.swift */,
				8189BEBD2C412513006955CB /* DateSelectorView.swift */,
			);
			path = Custom;
			sourceTree = "<group>";
		};
		81BCB2272C3FBFEB0053A071 /* Modifiers */ = {
			isa = PBXGroup;
			children = (
				81BCB2282C3FC0110053A071 /* RVNavigationBarModifier.swift */,
			);
			path = Modifiers;
			sourceTree = "<group>";
		};
/* End PBXGroup section */

/* Begin PBXNativeTarget section */
		81744CE52C3E9BF800128384 /* RoverVision */ = {
			isa = PBXNativeTarget;
			buildConfigurationList = 81744CF42C3E9BF900128384 /* Build configuration list for PBXNativeTarget "RoverVision" */;
			buildPhases = (
				81744CE22C3E9BF800128384 /* Sources */,
				81744CE32C3E9BF800128384 /* Frameworks */,
				81744CE42C3E9BF800128384 /* Resources */,
			);
			buildRules = (
			);
			dependencies = (
			);
			name = RoverVision;
			packageProductDependencies = (
				81BCB22F2C3FC90C0053A071 /* Lottie */,
			);
			productName = RoverVision;
			productReference = 81744CE62C3E9BF800128384 /* RoverVision.app */;
			productType = "com.apple.product-type.application";
		};
/* End PBXNativeTarget section */

/* Begin PBXProject section */
		81744CDE2C3E9BF800128384 /* Project object */ = {
			isa = PBXProject;
			attributes = {
				BuildIndependentTargetsInParallel = 1;
				LastSwiftUpdateCheck = 1540;
				LastUpgradeCheck = 1540;
				TargetAttributes = {
					81744CE52C3E9BF800128384 = {
						CreatedOnToolsVersion = 15.4;
					};
				};
			};
			buildConfigurationList = 81744CE12C3E9BF800128384 /* Build configuration list for PBXProject "RoverVision" */;
			compatibilityVersion = "Xcode 14.0";
			developmentRegion = en;
			hasScannedForEncodings = 0;
			knownRegions = (
				en,
				Base,
			);
			mainGroup = 81744CDD2C3E9BF800128384;
			packageReferences = (
				81BCB22E2C3FC90C0053A071 /* XCRemoteSwiftPackageReference "lottie-ios" */,
			);
			productRefGroup = 81744CE72C3E9BF800128384 /* Products */;
			projectDirPath = "";
			projectRoot = "";
			targets = (
				81744CE52C3E9BF800128384 /* RoverVision */,
			);
		};
/* End PBXProject section */

/* Begin PBXResourcesBuildPhase section */
		81744CE42C3E9BF800128384 /* Resources */ = {
			isa = PBXResourcesBuildPhase;
			buildActionMask = 2147483647;
			files = (
				81744CF12C3E9BF900128384 /* Preview Assets.xcassets in Resources */,
				81744CEE2C3E9BF900128384 /* Assets.xcassets in Resources */,
				81BCB2342C3FCC890053A071 /* Loader_Test.json in Resources */,
			);
			runOnlyForDeploymentPostprocessing = 0;
		};
/* End PBXResourcesBuildPhase section */

/* Begin PBXSourcesBuildPhase section */
		81744CE22C3E9BF800128384 /* Sources */ = {
			isa = PBXSourcesBuildPhase;
			buildActionMask = 2147483647;
			files = (
				81BCB2262C3FBEB70053A071 /* HistoryButtonView.swift in Sources */,
				81744D0D2C3EAE7100128384 /* Filter.swift in Sources */,
				81744D152C3EBF0800128384 /* HistoryViewModel.swift in Sources */,
				81744D1B2C3ECE4900128384 /* FilterCardView.swift in Sources */,
				81744D112C3EAED400128384 /* CameraName.swift in Sources */,
				81BCB2392C3FFC230053A071 /* PhotoCardViewModel.swift in Sources */,
				8189BEBE2C412513006955CB /* DateSelectorView.swift in Sources */,
				81744D172C3EC0E300128384 /* HomeView.swift in Sources */,
				81744D242C3ED34B00128384 /* ImageInfoView.swift in Sources */,
				81BCB23B2C4008AB0053A071 /* PhotoDetailView.swift in Sources */,
				8189BEBA2C4115DA006955CB /* RoverSelectorView.swift in Sources */,
				81BCB22B2C3FC5010053A071 /* HistoryView.swift in Sources */,
				81744D0F2C3EAECC00128384 /* RoverName.swift in Sources */,
				81BCB2292C3FC0110053A071 /* RVNavigationBarModifier.swift in Sources */,
				81744CEA2C3E9BF800128384 /* RoverVisionApp.swift in Sources */,
				8189BEBC2C411AAE006955CB /* CameraSelectorView.swift in Sources */,
				81744D0A2C3EABA600128384 /* NASAManager.swift in Sources */,
				81BCB2322C3FCBE90053A071 /* LoadingView.swift in Sources */,
				81744D192C3ECE4000128384 /* PhotoCardView.swift in Sources */,
				81744D132C3EBEF500128384 /* HomeViewModel.swift in Sources */,
				81BCB2242C3FBA9A0053A071 /* FilterButtonView.swift in Sources */,
				81BCB22D2C3FC8260053A071 /* LottieView.swift in Sources */,
				81744D072C3EAA2B00128384 /* Photo.swift in Sources */,
				814FEC842C4060E00071A4BF /* RoverVisionContainer.xcdatamodeld in Sources */,
				814FEC812C405FA60071A4BF /* FilterCoreDataManager.swift in Sources */,
			);
			runOnlyForDeploymentPostprocessing = 0;
		};
/* End PBXSourcesBuildPhase section */

/* Begin XCBuildConfiguration section */
		81744CF22C3E9BF900128384 /* Debug */ = {
			isa = XCBuildConfiguration;
			buildSettings = {
				ALWAYS_SEARCH_USER_PATHS = NO;
				ASSETCATALOG_COMPILER_GENERATE_SWIFT_ASSET_SYMBOL_EXTENSIONS = YES;
				CLANG_ANALYZER_NONNULL = YES;
				CLANG_ANALYZER_NUMBER_OBJECT_CONVERSION = YES_AGGRESSIVE;
				CLANG_CXX_LANGUAGE_STANDARD = "gnu++20";
				CLANG_ENABLE_MODULES = YES;
				CLANG_ENABLE_OBJC_ARC = YES;
				CLANG_ENABLE_OBJC_WEAK = YES;
				CLANG_WARN_BLOCK_CAPTURE_AUTORELEASING = YES;
				CLANG_WARN_BOOL_CONVERSION = YES;
				CLANG_WARN_COMMA = YES;
				CLANG_WARN_CONSTANT_CONVERSION = YES;
				CLANG_WARN_DEPRECATED_OBJC_IMPLEMENTATIONS = YES;
				CLANG_WARN_DIRECT_OBJC_ISA_USAGE = YES_ERROR;
				CLANG_WARN_DOCUMENTATION_COMMENTS = YES;
				CLANG_WARN_EMPTY_BODY = YES;
				CLANG_WARN_ENUM_CONVERSION = YES;
				CLANG_WARN_INFINITE_RECURSION = YES;
				CLANG_WARN_INT_CONVERSION = YES;
				CLANG_WARN_NON_LITERAL_NULL_CONVERSION = YES;
				CLANG_WARN_OBJC_IMPLICIT_RETAIN_SELF = YES;
				CLANG_WARN_OBJC_LITERAL_CONVERSION = YES;
				CLANG_WARN_OBJC_ROOT_CLASS = YES_ERROR;
				CLANG_WARN_QUOTED_INCLUDE_IN_FRAMEWORK_HEADER = YES;
				CLANG_WARN_RANGE_LOOP_ANALYSIS = YES;
				CLANG_WARN_STRICT_PROTOTYPES = YES;
				CLANG_WARN_SUSPICIOUS_MOVE = YES;
				CLANG_WARN_UNGUARDED_AVAILABILITY = YES_AGGRESSIVE;
				CLANG_WARN_UNREACHABLE_CODE = YES;
				CLANG_WARN__DUPLICATE_METHOD_MATCH = YES;
				COPY_PHASE_STRIP = NO;
				DEBUG_INFORMATION_FORMAT = dwarf;
				ENABLE_STRICT_OBJC_MSGSEND = YES;
				ENABLE_TESTABILITY = YES;
				ENABLE_USER_SCRIPT_SANDBOXING = YES;
				GCC_C_LANGUAGE_STANDARD = gnu17;
				GCC_DYNAMIC_NO_PIC = NO;
				GCC_NO_COMMON_BLOCKS = YES;
				GCC_OPTIMIZATION_LEVEL = 0;
				GCC_PREPROCESSOR_DEFINITIONS = (
					"DEBUG=1",
					"$(inherited)",
				);
				GCC_WARN_64_TO_32_BIT_CONVERSION = YES;
				GCC_WARN_ABOUT_RETURN_TYPE = YES_ERROR;
				GCC_WARN_UNDECLARED_SELECTOR = YES;
				GCC_WARN_UNINITIALIZED_AUTOS = YES_AGGRESSIVE;
				GCC_WARN_UNUSED_FUNCTION = YES;
				GCC_WARN_UNUSED_VARIABLE = YES;
				IPHONEOS_DEPLOYMENT_TARGET = 15.0;
				LOCALIZATION_PREFERS_STRING_CATALOGS = YES;
				MTL_ENABLE_DEBUG_INFO = INCLUDE_SOURCE;
				MTL_FAST_MATH = YES;
				ONLY_ACTIVE_ARCH = YES;
				SDKROOT = iphoneos;
				SWIFT_ACTIVE_COMPILATION_CONDITIONS = "DEBUG $(inherited)";
				SWIFT_OPTIMIZATION_LEVEL = "-Onone";
			};
			name = Debug;
		};
		81744CF32C3E9BF900128384 /* Release */ = {
			isa = XCBuildConfiguration;
			buildSettings = {
				ALWAYS_SEARCH_USER_PATHS = NO;
				ASSETCATALOG_COMPILER_GENERATE_SWIFT_ASSET_SYMBOL_EXTENSIONS = YES;
				CLANG_ANALYZER_NONNULL = YES;
				CLANG_ANALYZER_NUMBER_OBJECT_CONVERSION = YES_AGGRESSIVE;
				CLANG_CXX_LANGUAGE_STANDARD = "gnu++20";
				CLANG_ENABLE_MODULES = YES;
				CLANG_ENABLE_OBJC_ARC = YES;
				CLANG_ENABLE_OBJC_WEAK = YES;
				CLANG_WARN_BLOCK_CAPTURE_AUTORELEASING = YES;
				CLANG_WARN_BOOL_CONVERSION = YES;
				CLANG_WARN_COMMA = YES;
				CLANG_WARN_CONSTANT_CONVERSION = YES;
				CLANG_WARN_DEPRECATED_OBJC_IMPLEMENTATIONS = YES;
				CLANG_WARN_DIRECT_OBJC_ISA_USAGE = YES_ERROR;
				CLANG_WARN_DOCUMENTATION_COMMENTS = YES;
				CLANG_WARN_EMPTY_BODY = YES;
				CLANG_WARN_ENUM_CONVERSION = YES;
				CLANG_WARN_INFINITE_RECURSION = YES;
				CLANG_WARN_INT_CONVERSION = YES;
				CLANG_WARN_NON_LITERAL_NULL_CONVERSION = YES;
				CLANG_WARN_OBJC_IMPLICIT_RETAIN_SELF = YES;
				CLANG_WARN_OBJC_LITERAL_CONVERSION = YES;
				CLANG_WARN_OBJC_ROOT_CLASS = YES_ERROR;
				CLANG_WARN_QUOTED_INCLUDE_IN_FRAMEWORK_HEADER = YES;
				CLANG_WARN_RANGE_LOOP_ANALYSIS = YES;
				CLANG_WARN_STRICT_PROTOTYPES = YES;
				CLANG_WARN_SUSPICIOUS_MOVE = YES;
				CLANG_WARN_UNGUARDED_AVAILABILITY = YES_AGGRESSIVE;
				CLANG_WARN_UNREACHABLE_CODE = YES;
				CLANG_WARN__DUPLICATE_METHOD_MATCH = YES;
				COPY_PHASE_STRIP = NO;
				DEBUG_INFORMATION_FORMAT = "dwarf-with-dsym";
				ENABLE_NS_ASSERTIONS = NO;
				ENABLE_STRICT_OBJC_MSGSEND = YES;
				ENABLE_USER_SCRIPT_SANDBOXING = YES;
				GCC_C_LANGUAGE_STANDARD = gnu17;
				GCC_NO_COMMON_BLOCKS = YES;
				GCC_WARN_64_TO_32_BIT_CONVERSION = YES;
				GCC_WARN_ABOUT_RETURN_TYPE = YES_ERROR;
				GCC_WARN_UNDECLARED_SELECTOR = YES;
				GCC_WARN_UNINITIALIZED_AUTOS = YES_AGGRESSIVE;
				GCC_WARN_UNUSED_FUNCTION = YES;
				GCC_WARN_UNUSED_VARIABLE = YES;
				IPHONEOS_DEPLOYMENT_TARGET = 15.0;
				LOCALIZATION_PREFERS_STRING_CATALOGS = YES;
				MTL_ENABLE_DEBUG_INFO = NO;
				MTL_FAST_MATH = YES;
				SDKROOT = iphoneos;
				SWIFT_COMPILATION_MODE = wholemodule;
				VALIDATE_PRODUCT = YES;
			};
			name = Release;
		};
		81744CF52C3E9BF900128384 /* Debug */ = {
			isa = XCBuildConfiguration;
			buildSettings = {
				ASSETCATALOG_COMPILER_APPICON_NAME = AppIcon;
				ASSETCATALOG_COMPILER_GLOBAL_ACCENT_COLOR_NAME = AccentColor;
				CODE_SIGN_STYLE = Automatic;
				CURRENT_PROJECT_VERSION = 1;
				DEVELOPMENT_ASSET_PATHS = "RoverVision/Supporting/Preview\\ Content";
				DEVELOPMENT_TEAM = MWQ8P93RWJ;
				ENABLE_PREVIEWS = YES;
				GENERATE_INFOPLIST_FILE = YES;
				INFOPLIST_FILE = RoverVision/Info.plist;
				INFOPLIST_KEY_CFBundleDisplayName = "Rover Vision";
				INFOPLIST_KEY_LSApplicationCategoryType = "public.app-category.education";
				INFOPLIST_KEY_UIApplicationSceneManifest_Generation = YES;
				INFOPLIST_KEY_UIApplicationSupportsIndirectInputEvents = YES;
				INFOPLIST_KEY_UILaunchScreen_Generation = YES;
				INFOPLIST_KEY_UISupportedInterfaceOrientations = UIInterfaceOrientationPortrait;
				INFOPLIST_KEY_UISupportedInterfaceOrientations_iPad = "UIInterfaceOrientationLandscapeLeft UIInterfaceOrientationLandscapeRight UIInterfaceOrientationPortrait UIInterfaceOrientationPortraitUpsideDown";
				IPHONEOS_DEPLOYMENT_TARGET = 15.0;
				LD_RUNPATH_SEARCH_PATHS = (
					"$(inherited)",
					"@executable_path/Frameworks",
				);
				MARKETING_VERSION = 1.0;
				PRODUCT_BUNDLE_IDENTIFIER = com.planetary.RoverVision;
				PRODUCT_NAME = "$(TARGET_NAME)";
				SUPPORTED_PLATFORMS = "iphoneos iphonesimulator";
				SUPPORTS_MACCATALYST = NO;
				SUPPORTS_MAC_DESIGNED_FOR_IPHONE_IPAD = NO;
				SUPPORTS_XR_DESIGNED_FOR_IPHONE_IPAD = NO;
				SWIFT_EMIT_LOC_STRINGS = YES;
				SWIFT_VERSION = 5.0;
				TARGETED_DEVICE_FAMILY = 1;
			};
			name = Debug;
		};
		81744CF62C3E9BF900128384 /* Release */ = {
			isa = XCBuildConfiguration;
			buildSettings = {
				ASSETCATALOG_COMPILER_APPICON_NAME = AppIcon;
				ASSETCATALOG_COMPILER_GLOBAL_ACCENT_COLOR_NAME = AccentColor;
				CODE_SIGN_STYLE = Automatic;
				CURRENT_PROJECT_VERSION = 1;
				DEVELOPMENT_ASSET_PATHS = "RoverVision/Supporting/Preview\\ Content";
				DEVELOPMENT_TEAM = MWQ8P93RWJ;
				ENABLE_PREVIEWS = YES;
				GENERATE_INFOPLIST_FILE = YES;
				INFOPLIST_FILE = RoverVision/Info.plist;
				INFOPLIST_KEY_CFBundleDisplayName = "Rover Vision";
				INFOPLIST_KEY_LSApplicationCategoryType = "public.app-category.education";
				INFOPLIST_KEY_UIApplicationSceneManifest_Generation = YES;
				INFOPLIST_KEY_UIApplicationSupportsIndirectInputEvents = YES;
				INFOPLIST_KEY_UILaunchScreen_Generation = YES;
				INFOPLIST_KEY_UISupportedInterfaceOrientations = UIInterfaceOrientationPortrait;
				INFOPLIST_KEY_UISupportedInterfaceOrientations_iPad = "UIInterfaceOrientationLandscapeLeft UIInterfaceOrientationLandscapeRight UIInterfaceOrientationPortrait UIInterfaceOrientationPortraitUpsideDown";
				IPHONEOS_DEPLOYMENT_TARGET = 15.0;
				LD_RUNPATH_SEARCH_PATHS = (
					"$(inherited)",
					"@executable_path/Frameworks",
				);
				MARKETING_VERSION = 1.0;
				PRODUCT_BUNDLE_IDENTIFIER = com.planetary.RoverVision;
				PRODUCT_NAME = "$(TARGET_NAME)";
				SUPPORTED_PLATFORMS = "iphoneos iphonesimulator";
				SUPPORTS_MACCATALYST = NO;
				SUPPORTS_MAC_DESIGNED_FOR_IPHONE_IPAD = NO;
				SUPPORTS_XR_DESIGNED_FOR_IPHONE_IPAD = NO;
				SWIFT_EMIT_LOC_STRINGS = YES;
				SWIFT_VERSION = 5.0;
				TARGETED_DEVICE_FAMILY = 1;
			};
			name = Release;
		};
/* End XCBuildConfiguration section */

/* Begin XCConfigurationList section */
		81744CE12C3E9BF800128384 /* Build configuration list for PBXProject "RoverVision" */ = {
			isa = XCConfigurationList;
			buildConfigurations = (
				81744CF22C3E9BF900128384 /* Debug */,
				81744CF32C3E9BF900128384 /* Release */,
			);
			defaultConfigurationIsVisible = 0;
			defaultConfigurationName = Release;
		};
		81744CF42C3E9BF900128384 /* Build configuration list for PBXNativeTarget "RoverVision" */ = {
			isa = XCConfigurationList;
			buildConfigurations = (
				81744CF52C3E9BF900128384 /* Debug */,
				81744CF62C3E9BF900128384 /* Release */,
			);
			defaultConfigurationIsVisible = 0;
			defaultConfigurationName = Release;
		};
/* End XCConfigurationList section */

/* Begin XCRemoteSwiftPackageReference section */
		81BCB22E2C3FC90C0053A071 /* XCRemoteSwiftPackageReference "lottie-ios" */ = {
			isa = XCRemoteSwiftPackageReference;
			repositoryURL = "https://github.com/airbnb/lottie-ios.git";
			requirement = {
				kind = upToNextMajorVersion;
				minimumVersion = 4.5.0;
			};
		};
/* End XCRemoteSwiftPackageReference section */

/* Begin XCSwiftPackageProductDependency section */
		81BCB22F2C3FC90C0053A071 /* Lottie */ = {
			isa = XCSwiftPackageProductDependency;
			package = 81BCB22E2C3FC90C0053A071 /* XCRemoteSwiftPackageReference "lottie-ios" */;
			productName = Lottie;
		};
/* End XCSwiftPackageProductDependency section */

/* Begin XCVersionGroup section */
		814FEC822C4060E00071A4BF /* RoverVisionContainer.xcdatamodeld */ = {
			isa = XCVersionGroup;
			children = (
				814FEC832C4060E00071A4BF /* RoverVisionContainer.xcdatamodel */,
			);
			currentVersion = 814FEC832C4060E00071A4BF /* RoverVisionContainer.xcdatamodel */;
			name = RoverVisionContainer.xcdatamodeld;
			path = /Users/danyloternovoi/Developer/RoverVision/RoverVision/RoverVisionContainer.xcdatamodeld;
			sourceTree = "<group>";
			versionGroupType = wrapper.xcdatamodel;
		};
/* End XCVersionGroup section */
	};
	rootObject = 81744CDE2C3E9BF800128384 /* Project object */;
}
